
Microsoft Visual Studio Solution File, Format Version 12.00
# Visual Studio Version 17
VisualStudioVersion = 17.5.33530.505
MinimumVisualStudioVersion = 10.0.40219.1
Project("{FAE04EC0-301F-11D3-BF4B-00C04F79EFBC}") = "UrlShortener", "UrlShortener\UrlShortener.csproj", "{3FA18739-C517-4C1A-B05F-4C33D550F0A6}"
EndProject
Project("{FAE04EC0-301F-11D3-BF4B-00C04F79EFBC}") = "UrlShortenerTest", "UrlShortenerTest\UrlShortenerTest.csproj", "{FCFFC7FA-9F7A-4B5F-BED0-72510757EE92}"
EndProject
Global
	GlobalSection(SolutionConfigurationPlatforms) = preSolution
		Debug|Any CPU = Debug|Any CPU
		Release|Any CPU = Release|Any CPU
	EndGlobalSection
	GlobalSection(ProjectConfigurationPlatforms) = postSolution
		{3FA18739-C517-4C1A-B05F-4C33D550F0A6}.Debug|Any CPU.ActiveCfg = Debug|Any CPU
		{3FA18739-C517-4C1A-B05F-4C33D550F0A6}.Debug|Any CPU.Build.0 = Debug|Any CPU
		{3FA18739-C517-4C1A-B05F-4C33D550F0A6}.Release|Any CPU.ActiveCfg = Release|Any CPU
		{3FA18739-C517-4C1A-B05F-4C33D550F0A6}.Release|Any CPU.Build.0 = Release|Any CPU
		{FCFFC7FA-9F7A-4B5F-BED0-72510757EE92}.Debug|Any CPU.ActiveCfg = Debug|Any CPU
		{FCFFC7FA-9F7A-4B5F-BED0-72510757EE92}.Debug|Any CPU.Build.0 = Debug|Any CPU
		{FCFFC7FA-9F7A-4B5F-BED0-72510757EE92}.Release|Any CPU.ActiveCfg = Release|Any CPU
		{FCFFC7FA-9F7A-4B5F-BED0-72510757EE92}.Release|Any CPU.Build.0 = Release|Any CPU
	EndGlobalSection
	GlobalSection(SolutionProperties) = preSolution
		HideSolutionNode = FALSE
	EndGlobalSection
	GlobalSection(ExtensibilityGlobals) = postSolution
		SolutionGuid = {3B55FBBD-F2CB-476D-AD2A-E56C2C8B332C}
	EndGlobalSection
EndGlobal
